
Microsoft Visual Studio Solution File, Format Version 12.00
# Visual Studio Version 16
VisualStudioVersion = 16.0.30320.27
MinimumVisualStudioVersion = 10.0.40219.1
Project("{FAE04EC0-301F-11D3-BF4B-00C04F79EFBC}") = "SampleApp.Android", "App1\App1.Android\SampleApp.Android.csproj", "{457C4186-98B6-41D9-AFE8-8E6F8AAD697F}"
EndProject
Project("{9A19103F-16F7-4668-BE54-9A1E7A4F7556}") = "SampleApp", "App1\App1\SampleApp.csproj", "{FC7D4BB1-2348-4719-9C5C-C39132562577}"
EndProject
Global
	GlobalSection(SolutionConfigurationPlatforms) = preSolution
		Debug|Any CPU = Debug|Any CPU
		Release|Any CPU = Release|Any CPU
	EndGlobalSection
	GlobalSection(ProjectConfigurationPlatforms) = postSolution
		{457C4186-98B6-41D9-AFE8-8E6F8AAD697F}.Debug|Any CPU.ActiveCfg = Debug|Any CPU
		{457C4186-98B6-41D9-AFE8-8E6F8AAD697F}.Debug|Any CPU.Build.0 = Debug|Any CPU
		{457C4186-98B6-41D9-AFE8-8E6F8AAD697F}.Debug|Any CPU.Deploy.0 = Debug|Any CPU
		{457C4186-98B6-41D9-AFE8-8E6F8AAD697F}.Release|Any CPU.ActiveCfg = Release|Any CPU
		{457C4186-98B6-41D9-AFE8-8E6F8AAD697F}.Release|Any CPU.Build.0 = Release|Any CPU
		{457C4186-98B6-41D9-AFE8-8E6F8AAD697F}.Release|Any CPU.Deploy.0 = Release|Any CPU
		{FC7D4BB1-2348-4719-9C5C-C39132562577}.Debug|Any CPU.ActiveCfg = Debug|Any CPU
		{FC7D4BB1-2348-4719-9C5C-C39132562577}.Debug|Any CPU.Build.0 = Debug|Any CPU
		{FC7D4BB1-2348-4719-9C5C-C39132562577}.Debug|Any CPU.Deploy.0 = Debug|Any CPU
		{FC7D4BB1-2348-4719-9C5C-C39132562577}.Release|Any CPU.ActiveCfg = Release|Any CPU
		{FC7D4BB1-2348-4719-9C5C-C39132562577}.Release|Any CPU.Build.0 = Release|Any CPU
		{FC7D4BB1-2348-4719-9C5C-C39132562577}.Release|Any CPU.Deploy.0 = Release|Any CPU
	EndGlobalSection
	GlobalSection(SolutionProperties) = preSolution
		HideSolutionNode = FALSE
	EndGlobalSection
	GlobalSection(ExtensibilityGlobals) = postSolution
		SolutionGuid = {C89E02E5-8B25-4CDF-A9A1-75ADA0E38C65}
	EndGlobalSection
EndGlobal
